
Microsoft Visual Studio Solution File, Format Version 12.00
# Visual Studio Version 18
VisualStudioVersion = 18.2.11408.102 d18.0
MinimumVisualStudioVersion = 10.0.40219.1
Project("{FAE04EC0-301F-11D3-BF4B-00C04F79EFBC}") = "ADOSMELHORES", "ADOSMELHORES\ADOSMELHORES.csproj", "{8891AD53-A6FC-476D-A16B-41100A6F0A56}"
EndProject
Project("{FAE04EC0-301F-11D3-BF4B-00C04F79EFBC}") = "ADOSMELHORES.Controls", "ADOSMELHORES.Controls\ADOSMELHORES.Controls.csproj", "{C83E06BE-E010-496A-AD5B-7A471D648A4F}"
EndProject
Global
	GlobalSection(SolutionConfigurationPlatforms) = preSolution
		Debug|Any CPU = Debug|Any CPU
		Release|Any CPU = Release|Any CPU
	EndGlobalSection
	GlobalSection(ProjectConfigurationPlatforms) = postSolution
		{8891AD53-A6FC-476D-A16B-41100A6F0A56}.Debug|Any CPU.ActiveCfg = Debug|Any CPU
		{8891AD53-A6FC-476D-A16B-41100A6F0A56}.Debug|Any CPU.Build.0 = Debug|Any CPU
		{8891AD53-A6FC-476D-A16B-41100A6F0A56}.Release|Any CPU.ActiveCfg = Release|Any CPU
		{8891AD53-A6FC-476D-A16B-41100A6F0A56}.Release|Any CPU.Build.0 = Release|Any CPU
		{C83E06BE-E010-496A-AD5B-7A471D648A4F}.Debug|Any CPU.ActiveCfg = Debug|Any CPU
		{C83E06BE-E010-496A-AD5B-7A471D648A4F}.Debug|Any CPU.Build.0 = Debug|Any CPU
		{C83E06BE-E010-496A-AD5B-7A471D648A4F}.Release|Any CPU.ActiveCfg = Release|Any CPU
		{C83E06BE-E010-496A-AD5B-7A471D648A4F}.Release|Any CPU.Build.0 = Release|Any CPU
	EndGlobalSection
	GlobalSection(SolutionProperties) = preSolution
		HideSolutionNode = FALSE
	EndGlobalSection
	GlobalSection(ExtensibilityGlobals) = postSolution
		SolutionGuid = {7352F5DC-C329-4F75-B70A-946C3D49A5B7}
	EndGlobalSection
EndGlobal
